
Microsoft Visual Studio Solution File, Format Version 12.00
# Visual Studio Version 17
VisualStudioVersion = 17.8.34330.188
MinimumVisualStudioVersion = 10.0.40219.1
Project("{9A19103F-16F7-4668-BE54-9A1E7A4F7556}") = "CarbAndEggTimer", "CarbAndEggTimer\CarbAndEggTimer.csproj", "{1DABA2DD-FC48-4FD1-BC3B-DB4B43F49B1D}"
EndProject
Global
	GlobalSection(SolutionConfigurationPlatforms) = preSolution
		Debug|Any CPU = Debug|Any CPU
		Release|Any CPU = Release|Any CPU
	EndGlobalSection
	GlobalSection(ProjectConfigurationPlatforms) = postSolution
		{1DABA2DD-FC48-4FD1-BC3B-DB4B43F49B1D}.Debug|Any CPU.ActiveCfg = Debug|Any CPU
		{1DABA2DD-FC48-4FD1-BC3B-DB4B43F49B1D}.Debug|Any CPU.Build.0 = Debug|Any CPU
		{1DABA2DD-FC48-4FD1-BC3B-DB4B43F49B1D}.Debug|Any CPU.Deploy.0 = Debug|Any CPU
		{1DABA2DD-FC48-4FD1-BC3B-DB4B43F49B1D}.Release|Any CPU.ActiveCfg = Release|Any CPU
		{1DABA2DD-FC48-4FD1-BC3B-DB4B43F49B1D}.Release|Any CPU.Build.0 = Release|Any CPU
		{1DABA2DD-FC48-4FD1-BC3B-DB4B43F49B1D}.Release|Any CPU.Deploy.0 = Release|Any CPU
	EndGlobalSection
	GlobalSection(SolutionProperties) = preSolution
		HideSolutionNode = FALSE
	EndGlobalSection
	GlobalSection(ExtensibilityGlobals) = postSolution
		SolutionGuid = {653401AE-18BC-48E7-91DE-9180509EB4C3}
	EndGlobalSection
EndGlobal
